// !$*UTF8*$!
{
	archiveVersion = 1;
	classes = {
	};
	objectVersion = 55;
	objects = {

/* Begin PBXBuildFile section */
		9EE08A3027BDCFBD00B78D80 /* AppDelegate.swift in Sources */ = {isa = PBXBuildFile; fileRef = 9EE08A2F27BDCFBD00B78D80 /* AppDelegate.swift */; };
		9EE08A3227BDCFBD00B78D80 /* SceneDelegate.swift in Sources */ = {isa = PBXBuildFile; fileRef = 9EE08A3127BDCFBD00B78D80 /* SceneDelegate.swift */; };
		9EE08A3427BDCFBD00B78D80 /* ViewController.swift in Sources */ = {isa = PBXBuildFile; fileRef = 9EE08A3327BDCFBD00B78D80 /* ViewController.swift */; };
		9EE08A3727BDCFBD00B78D80 /* Main.storyboard in Resources */ = {isa = PBXBuildFile; fileRef = 9EE08A3527BDCFBD00B78D80 /* Main.storyboard */; };
		9EE08A3927BDCFBF00B78D80 /* Assets.xcassets in Resources */ = {isa = PBXBuildFile; fileRef = 9EE08A3827BDCFBF00B78D80 /* Assets.xcassets */; };
		9EE08A3C27BDCFBF00B78D80 /* LaunchScreen.storyboard in Resources */ = {isa = PBXBuildFile; fileRef = 9EE08A3A27BDCFBF00B78D80 /* LaunchScreen.storyboard */; };
		9EE08A4727BDCFBF00B78D80 /* RapidReactFRCTests.swift in Sources */ = {isa = PBXBuildFile; fileRef = 9EE08A4627BDCFBF00B78D80 /* RapidReactFRCTests.swift */; };
		9EE08A5127BDCFBF00B78D80 /* RapidReactFRCUITests.swift in Sources */ = {isa = PBXBuildFile; fileRef = 9EE08A5027BDCFBF00B78D80 /* RapidReactFRCUITests.swift */; };
		9EE08A5327BDCFBF00B78D80 /* RapidReactFRCUITestsLaunchTests.swift in Sources */ = {isa = PBXBuildFile; fileRef = 9EE08A5227BDCFBF00B78D80 /* RapidReactFRCUITestsLaunchTests.swift */; };
		9EE08A6627BDD19D00B78D80 /* AutonViewController.swift in Sources */ = {isa = PBXBuildFile; fileRef = 9EE08A6127BDD19D00B78D80 /* AutonViewController.swift */; };
		9EE08A6727BDD19D00B78D80 /* EndgameViewController.swift in Sources */ = {isa = PBXBuildFile; fileRef = 9EE08A6227BDD19D00B78D80 /* EndgameViewController.swift */; };
		9EE08A6827BDD19D00B78D80 /* ScoutingViewController.swift in Sources */ = {isa = PBXBuildFile; fileRef = 9EE08A6327BDD19D00B78D80 /* ScoutingViewController.swift */; };
		9EE08A6927BDD19D00B78D80 /* TeleOpViewController.swift in Sources */ = {isa = PBXBuildFile; fileRef = 9EE08A6427BDD19D00B78D80 /* TeleOpViewController.swift */; };
		9EE08A6A27BDD19D00B78D80 /* ProblemsTableViewController.swift in Sources */ = {isa = PBXBuildFile; fileRef = 9EE08A6527BDD19D00B78D80 /* ProblemsTableViewController.swift */; };
		9EE08A6C27BF741D00B78D80 /* Global.swift in Sources */ = {isa = PBXBuildFile; fileRef = 9EE08A6B27BF741D00B78D80 /* Global.swift */; };
/* End PBXBuildFile section */

/* Begin PBXContainerItemProxy section */
		9EE08A4327BDCFBF00B78D80 /* PBXContainerItemProxy */ = {
			isa = PBXContainerItemProxy;
			containerPortal = 9EE08A2427BDCFBD00B78D80 /* Project object */;
			proxyType = 1;
			remoteGlobalIDString = 9EE08A2B27BDCFBD00B78D80;
			remoteInfo = RapidReactFRC;
		};
		9EE08A4D27BDCFBF00B78D80 /* PBXContainerItemProxy */ = {
			isa = PBXContainerItemProxy;
			containerPortal = 9EE08A2427BDCFBD00B78D80 /* Project object */;
			proxyType = 1;
			remoteGlobalIDString = 9EE08A2B27BDCFBD00B78D80;
			remoteInfo = RapidReactFRC;
		};
/* End PBXContainerItemProxy section */

/* Begin PBXFileReference section */
		9EE08A2C27BDCFBD00B78D80 /* RapidReactFRC.app */ = {isa = PBXFileReference; explicitFileType = wrapper.application; includeInIndex = 0; path = RapidReactFRC.app; sourceTree = BUILT_PRODUCTS_DIR; };
		9EE08A2F27BDCFBD00B78D80 /* AppDelegate.swift */ = {isa = PBXFileReference; lastKnownFileType = sourcecode.swift; path = AppDelegate.swift; sourceTree = "<group>"; };
		9EE08A3127BDCFBD00B78D80 /* SceneDelegate.swift */ = {isa = PBXFileReference; lastKnownFileType = sourcecode.swift; path = SceneDelegate.swift; sourceTree = "<group>"; };
		9EE08A3327BDCFBD00B78D80 /* ViewController.swift */ = {isa = PBXFileReference; lastKnownFileType = sourcecode.swift; path = ViewController.swift; sourceTree = "<group>"; };
		9EE08A3627BDCFBD00B78D80 /* Base */ = {isa = PBXFileReference; lastKnownFileType = file.storyboard; name = Base; path = Base.lproj/Main.storyboard; sourceTree = "<group>"; };
		9EE08A3827BDCFBF00B78D80 /* Assets.xcassets */ = {isa = PBXFileReference; lastKnownFileType = folder.assetcatalog; path = Assets.xcassets; sourceTree = "<group>"; };
		9EE08A3B27BDCFBF00B78D80 /* Base */ = {isa = PBXFileReference; lastKnownFileType = file.storyboard; name = Base; path = Base.lproj/LaunchScreen.storyboard; sourceTree = "<group>"; };
		9EE08A3D27BDCFBF00B78D80 /* Info.plist */ = {isa = PBXFileReference; lastKnownFileType = text.plist.xml; path = Info.plist; sourceTree = "<group>"; };
		9EE08A4227BDCFBF00B78D80 /* RapidReactFRCTests.xctest */ = {isa = PBXFileReference; explicitFileType = wrapper.cfbundle; includeInIndex = 0; path = RapidReactFRCTests.xctest; sourceTree = BUILT_PRODUCTS_DIR; };
		9EE08A4627BDCFBF00B78D80 /* RapidReactFRCTests.swift */ = {isa = PBXFileReference; lastKnownFileType = sourcecode.swift; path = RapidReactFRCTests.swift; sourceTree = "<group>"; };
		9EE08A4C27BDCFBF00B78D80 /* RapidReactFRCUITests.xctest */ = {isa = PBXFileReference; explicitFileType = wrapper.cfbundle; includeInIndex = 0; path = RapidReactFRCUITests.xctest; sourceTree = BUILT_PRODUCTS_DIR; };
		9EE08A5027BDCFBF00B78D80 /* RapidReactFRCUITests.swift */ = {isa = PBXFileReference; lastKnownFileType = sourcecode.swift; path = RapidReactFRCUITests.swift; sourceTree = "<group>"; };
		9EE08A5227BDCFBF00B78D80 /* RapidReactFRCUITestsLaunchTests.swift */ = {isa = PBXFileReference; lastKnownFileType = sourcecode.swift; path = RapidReactFRCUITestsLaunchTests.swift; sourceTree = "<group>"; };
		9EE08A6127BDD19D00B78D80 /* AutonViewController.swift */ = {isa = PBXFileReference; fileEncoding = 4; lastKnownFileType = sourcecode.swift; name = AutonViewController.swift; path = ../../PersonalRapidReactApp/PersonalRapidReactApp/AutonViewController.swift; sourceTree = "<group>"; };
		9EE08A6227BDD19D00B78D80 /* EndgameViewController.swift */ = {isa = PBXFileReference; fileEncoding = 4; lastKnownFileType = sourcecode.swift; name = EndgameViewController.swift; path = ../../PersonalRapidReactApp/PersonalRapidReactApp/EndgameViewController.swift; sourceTree = "<group>"; };
		9EE08A6327BDD19D00B78D80 /* ScoutingViewController.swift */ = {isa = PBXFileReference; fileEncoding = 4; lastKnownFileType = sourcecode.swift; name = ScoutingViewController.swift; path = ../../PersonalRapidReactApp/PersonalRapidReactApp/ScoutingViewController.swift; sourceTree = "<group>"; };
		9EE08A6427BDD19D00B78D80 /* TeleOpViewController.swift */ = {isa = PBXFileReference; fileEncoding = 4; lastKnownFileType = sourcecode.swift; name = TeleOpViewController.swift; path = ../../PersonalRapidReactApp/PersonalRapidReactApp/TeleOpViewController.swift; sourceTree = "<group>"; };
		9EE08A6527BDD19D00B78D80 /* ProblemsTableViewController.swift */ = {isa = PBXFileReference; fileEncoding = 4; lastKnownFileType = sourcecode.swift; name = ProblemsTableViewController.swift; path = ../../PersonalRapidReactApp/PersonalRapidReactApp/ProblemsTableViewController.swift; sourceTree = "<group>"; };
		9EE08A6B27BF741D00B78D80 /* Global.swift */ = {isa = PBXFileReference; lastKnownFileType = sourcecode.swift; path = Global.swift; sourceTree = "<group>"; };
/* End PBXFileReference section */

/* Begin PBXFrameworksBuildPhase section */
		9EE08A2927BDCFBD00B78D80 /* Frameworks */ = {
			isa = PBXFrameworksBuildPhase;
			buildActionMask = 2147483647;
			files = (
			);
			runOnlyForDeploymentPostprocessing = 0;
		};
		9EE08A3F27BDCFBF00B78D80 /* Frameworks */ = {
			isa = PBXFrameworksBuildPhase;
			buildActionMask = 2147483647;
			files = (
			);
			runOnlyForDeploymentPostprocessing = 0;
		};
		9EE08A4927BDCFBF00B78D80 /* Frameworks */ = {
			isa = PBXFrameworksBuildPhase;
			buildActionMask = 2147483647;
			files = (
			);
			runOnlyForDeploymentPostprocessing = 0;
		};
/* End PBXFrameworksBuildPhase section */

/* Begin PBXGroup section */
		9EE08A2327BDCFBD00B78D80 = {
			isa = PBXGroup;
			children = (
				9EE08A2E27BDCFBD00B78D80 /* RapidReactFRC */,
				9EE08A4527BDCFBF00B78D80 /* RapidReactFRCTests */,
				9EE08A4F27BDCFBF00B78D80 /* RapidReactFRCUITests */,
				9EE08A2D27BDCFBD00B78D80 /* Products */,
			);
			sourceTree = "<group>";
		};
		9EE08A2D27BDCFBD00B78D80 /* Products */ = {
			isa = PBXGroup;
			children = (
				9EE08A2C27BDCFBD00B78D80 /* RapidReactFRC.app */,
				9EE08A4227BDCFBF00B78D80 /* RapidReactFRCTests.xctest */,
				9EE08A4C27BDCFBF00B78D80 /* RapidReactFRCUITests.xctest */,
			);
			name = Products;
			sourceTree = "<group>";
		};
		9EE08A2E27BDCFBD00B78D80 /* RapidReactFRC */ = {
			isa = PBXGroup;
			children = (
				9EE08A2F27BDCFBD00B78D80 /* AppDelegate.swift */,
				9EE08A3127BDCFBD00B78D80 /* SceneDelegate.swift */,
				9EE08A3327BDCFBD00B78D80 /* ViewController.swift */,
				9EE08A3527BDCFBD00B78D80 /* Main.storyboard */,
				9EE08A3827BDCFBF00B78D80 /* Assets.xcassets */,
				9EE08A3A27BDCFBF00B78D80 /* LaunchScreen.storyboard */,
				9EE08A6127BDD19D00B78D80 /* AutonViewController.swift */,
				9EE08A6227BDD19D00B78D80 /* EndgameViewController.swift */,
				9EE08A6B27BF741D00B78D80 /* Global.swift */,
				9EE08A6527BDD19D00B78D80 /* ProblemsTableViewController.swift */,
				9EE08A6327BDD19D00B78D80 /* ScoutingViewController.swift */,
				9EE08A6427BDD19D00B78D80 /* TeleOpViewController.swift */,
				9EE08A3D27BDCFBF00B78D80 /* Info.plist */,
			);
			path = RapidReactFRC;
			sourceTree = "<group>";
		};
		9EE08A4527BDCFBF00B78D80 /* RapidReactFRCTests */ = {
			isa = PBXGroup;
			children = (
				9EE08A4627BDCFBF00B78D80 /* RapidReactFRCTests.swift */,
			);
			path = RapidReactFRCTests;
			sourceTree = "<group>";
		};
		9EE08A4F27BDCFBF00B78D80 /* RapidReactFRCUITests */ = {
			isa = PBXGroup;
			children = (
				9EE08A5027BDCFBF00B78D80 /* RapidReactFRCUITests.swift */,
				9EE08A5227BDCFBF00B78D80 /* RapidReactFRCUITestsLaunchTests.swift */,
			);
			path = RapidReactFRCUITests;
			sourceTree = "<group>";
		};
/* End PBXGroup section */

/* Begin PBXNativeTarget section */
		9EE08A2B27BDCFBD00B78D80 /* RapidReactFRC */ = {
			isa = PBXNativeTarget;
			buildConfigurationList = 9EE08A5627BDCFBF00B78D80 /* Build configuration list for PBXNativeTarget "RapidReactFRC" */;
			buildPhases = (
				9EE08A2827BDCFBD00B78D80 /* Sources */,
				9EE08A2927BDCFBD00B78D80 /* Frameworks */,
				9EE08A2A27BDCFBD00B78D80 /* Resources */,
			);
			buildRules = (
			);
			dependencies = (
			);
			name = RapidReactFRC;
			productName = RapidReactFRC;
			productReference = 9EE08A2C27BDCFBD00B78D80 /* RapidReactFRC.app */;
			productType = "com.apple.product-type.application";
		};
		9EE08A4127BDCFBF00B78D80 /* RapidReactFRCTests */ = {
			isa = PBXNativeTarget;
			buildConfigurationList = 9EE08A5927BDCFBF00B78D80 /* Build configuration list for PBXNativeTarget "RapidReactFRCTests" */;
			buildPhases = (
				9EE08A3E27BDCFBF00B78D80 /* Sources */,
				9EE08A3F27BDCFBF00B78D80 /* Frameworks */,
				9EE08A4027BDCFBF00B78D80 /* Resources */,
			);
			buildRules = (
			);
			dependencies = (
				9EE08A4427BDCFBF00B78D80 /* PBXTargetDependency */,
			);
			name = RapidReactFRCTests;
			productName = RapidReactFRCTests;
			productReference = 9EE08A4227BDCFBF00B78D80 /* RapidReactFRCTests.xctest */;
			productType = "com.apple.product-type.bundle.unit-test";
		};
		9EE08A4B27BDCFBF00B78D80 /* RapidReactFRCUITests */ = {
			isa = PBXNativeTarget;
			buildConfigurationList = 9EE08A5C27BDCFBF00B78D80 /* Build configuration list for PBXNativeTarget "RapidReactFRCUITests" */;
			buildPhases = (
				9EE08A4827BDCFBF00B78D80 /* Sources */,
				9EE08A4927BDCFBF00B78D80 /* Frameworks */,
				9EE08A4A27BDCFBF00B78D80 /* Resources */,
			);
			buildRules = (
			);
			dependencies = (
				9EE08A4E27BDCFBF00B78D80 /* PBXTargetDependency */,
			);
			name = RapidReactFRCUITests;
			productName = RapidReactFRCUITests;
			productReference = 9EE08A4C27BDCFBF00B78D80 /* RapidReactFRCUITests.xctest */;
			productType = "com.apple.product-type.bundle.ui-testing";
		};
/* End PBXNativeTarget section */

/* Begin PBXProject section */
		9EE08A2427BDCFBD00B78D80 /* Project object */ = {
			isa = PBXProject;
			attributes = {
				BuildIndependentTargetsInParallel = 1;
				LastSwiftUpdateCheck = 1320;
				LastUpgradeCheck = 1320;
				TargetAttributes = {
					9EE08A2B27BDCFBD00B78D80 = {
						CreatedOnToolsVersion = 13.2.1;
					};
					9EE08A4127BDCFBF00B78D80 = {
						CreatedOnToolsVersion = 13.2.1;
						TestTargetID = 9EE08A2B27BDCFBD00B78D80;
					};
					9EE08A4B27BDCFBF00B78D80 = {
						CreatedOnToolsVersion = 13.2.1;
						TestTargetID = 9EE08A2B27BDCFBD00B78D80;
					};
				};
			};
			buildConfigurationList = 9EE08A2727BDCFBD00B78D80 /* Build configuration list for PBXProject "RapidReactFRC" */;
			compatibilityVersion = "Xcode 13.0";
			developmentRegion = en;
			hasScannedForEncodings = 0;
			knownRegions = (
				en,
				Base,
			);
			mainGroup = 9EE08A2327BDCFBD00B78D80;
			productRefGroup = 9EE08A2D27BDCFBD00B78D80 /* Products */;
			projectDirPath = "";
			projectRoot = "";
			targets = (
				9EE08A2B27BDCFBD00B78D80 /* RapidReactFRC */,
				9EE08A4127BDCFBF00B78D80 /* RapidReactFRCTests */,
				9EE08A4B27BDCFBF00B78D80 /* RapidReactFRCUITests */,
			);
		};
/* End PBXProject section */

/* Begin PBXResourcesBuildPhase section */
		9EE08A2A27BDCFBD00B78D80 /* Resources */ = {
			isa = PBXResourcesBuildPhase;
			buildActionMask = 2147483647;
			files = (
				9EE08A3C27BDCFBF00B78D80 /* LaunchScreen.storyboard in Resources */,
				9EE08A3927BDCFBF00B78D80 /* Assets.xcassets in Resources */,
				9EE08A3727BDCFBD00B78D80 /* Main.storyboard in Resources */,
			);
			runOnlyForDeploymentPostprocessing = 0;
		};
		9EE08A4027BDCFBF00B78D80 /* Resources */ = {
			isa = PBXResourcesBuildPhase;
			buildActionMask = 2147483647;
			files = (
			);
			runOnlyForDeploymentPostprocessing = 0;
		};
		9EE08A4A27BDCFBF00B78D80 /* Resources */ = {
			isa = PBXResourcesBuildPhase;
			buildActionMask = 2147483647;
			files = (
			);
			runOnlyForDeploymentPostprocessing = 0;
		};
/* End PBXResourcesBuildPhase section */

/* Begin PBXSourcesBuildPhase section */
		9EE08A2827BDCFBD00B78D80 /* Sources */ = {
			isa = PBXSourcesBuildPhase;
			buildActionMask = 2147483647;
			files = (
				9EE08A3427BDCFBD00B78D80 /* ViewController.swift in Sources */,
				9EE08A6927BDD19D00B78D80 /* TeleOpViewController.swift in Sources */,
				9EE08A3027BDCFBD00B78D80 /* AppDelegate.swift in Sources */,
				9EE08A6727BDD19D00B78D80 /* EndgameViewController.swift in Sources */,
				9EE08A6627BDD19D00B78D80 /* AutonViewController.swift in Sources */,
				9EE08A6A27BDD19D00B78D80 /* ProblemsTableViewController.swift in Sources */,
				9EE08A6827BDD19D00B78D80 /* ScoutingViewController.swift in Sources */,
				9EE08A3227BDCFBD00B78D80 /* SceneDelegate.swift in Sources */,
				9EE08A6C27BF741D00B78D80 /* Global.swift in Sources */,
			);
			runOnlyForDeploymentPostprocessing = 0;
		};
		9EE08A3E27BDCFBF00B78D80 /* Sources */ = {
			isa = PBXSourcesBuildPhase;
			buildActionMask = 2147483647;
			files = (
				9EE08A4727BDCFBF00B78D80 /* RapidReactFRCTests.swift in Sources */,
			);
			runOnlyForDeploymentPostprocessing = 0;
		};
		9EE08A4827BDCFBF00B78D80 /* Sources */ = {
			isa = PBXSourcesBuildPhase;
			buildActionMask = 2147483647;
			files = (
				9EE08A5127BDCFBF00B78D80 /* RapidReactFRCUITests.swift in Sources */,
				9EE08A5327BDCFBF00B78D80 /* RapidReactFRCUITestsLaunchTests.swift in Sources */,
			);
			runOnlyForDeploymentPostprocessing = 0;
		};
/* End PBXSourcesBuildPhase section */

/* Begin PBXTargetDependency section */
		9EE08A4427BDCFBF00B78D80 /* PBXTargetDependency */ = {
			isa = PBXTargetDependency;
			target = 9EE08A2B27BDCFBD00B78D80 /* RapidReactFRC */;
			targetProxy = 9EE08A4327BDCFBF00B78D80 /* PBXContainerItemProxy */;
		};
		9EE08A4E27BDCFBF00B78D80 /* PBXTargetDependency */ = {
			isa = PBXTargetDependency;
			target = 9EE08A2B27BDCFBD00B78D80 /* RapidReactFRC */;
			targetProxy = 9EE08A4D27BDCFBF00B78D80 /* PBXContainerItemProxy */;
		};
/* End PBXTargetDependency section */

/* Begin PBXVariantGroup section */
		9EE08A3527BDCFBD00B78D80 /* Main.storyboard */ = {
			isa = PBXVariantGroup;
			children = (
				9EE08A3627BDCFBD00B78D80 /* Base */,
			);
			name = Main.storyboard;
			sourceTree = "<group>";
		};
		9EE08A3A27BDCFBF00B78D80 /* LaunchScreen.storyboard */ = {
			isa = PBXVariantGroup;
			children = (
				9EE08A3B27BDCFBF00B78D80 /* Base */,
			);
			name = LaunchScreen.storyboard;
			sourceTree = "<group>";
		};
/* End PBXVariantGroup section */

/* Begin XCBuildConfiguration section */
		9EE08A5427BDCFBF00B78D80 /* Debug */ = {
			isa = XCBuildConfiguration;
			buildSettings = {
				ALWAYS_SEARCH_USER_PATHS = NO;
				CLANG_ANALYZER_NONNULL = YES;
				CLANG_ANALYZER_NUMBER_OBJECT_CONVERSION = YES_AGGRESSIVE;
				CLANG_CXX_LANGUAGE_STANDARD = "gnu++17";
				CLANG_CXX_LIBRARY = "libc++";
				CLANG_ENABLE_MODULES = YES;
				CLANG_ENABLE_OBJC_ARC = YES;
				CLANG_ENABLE_OBJC_WEAK = YES;
				CLANG_WARN_BLOCK_CAPTURE_AUTORELEASING = YES;
				CLANG_WARN_BOOL_CONVERSION = YES;
				CLANG_WARN_COMMA = YES;
				CLANG_WARN_CONSTANT_CONVERSION = YES;
				CLANG_WARN_DEPRECATED_OBJC_IMPLEMENTATIONS = YES;
				CLANG_WARN_DIRECT_OBJC_ISA_USAGE = YES_ERROR;
				CLANG_WARN_DOCUMENTATION_COMMENTS = YES;
				CLANG_WARN_EMPTY_BODY = YES;
				CLANG_WARN_ENUM_CONVERSION = YES;
				CLANG_WARN_INFINITE_RECURSION = YES;
				CLANG_WARN_INT_CONVERSION = YES;
				CLANG_WARN_NON_LITERAL_NULL_CONVERSION = YES;
				CLANG_WARN_OBJC_IMPLICIT_RETAIN_SELF = YES;
				CLANG_WARN_OBJC_LITERAL_CONVERSION = YES;
				CLANG_WARN_OBJC_ROOT_CLASS = YES_ERROR;
				CLANG_WARN_QUOTED_INCLUDE_IN_FRAMEWORK_HEADER = YES;
				CLANG_WARN_RANGE_LOOP_ANALYSIS = YES;
				CLANG_WARN_STRICT_PROTOTYPES = YES;
				CLANG_WARN_SUSPICIOUS_MOVE = YES;
				CLANG_WARN_UNGUARDED_AVAILABILITY = YES_AGGRESSIVE;
				CLANG_WARN_UNREACHABLE_CODE = YES;
				CLANG_WARN__DUPLICATE_METHOD_MATCH = YES;
				COPY_PHASE_STRIP = NO;
				DEBUG_INFORMATION_FORMAT = dwarf;
				ENABLE_STRICT_OBJC_MSGSEND = YES;
				ENABLE_TESTABILITY = YES;
				GCC_C_LANGUAGE_STANDARD = gnu11;
				GCC_DYNAMIC_NO_PIC = NO;
				GCC_NO_COMMON_BLOCKS = YES;
				GCC_OPTIMIZATION_LEVEL = 0;
				GCC_PREPROCESSOR_DEFINITIONS = (
					"DEBUG=1",
					"$(inherited)",
				);
				GCC_WARN_64_TO_32_BIT_CONVERSION = YES;
				GCC_WARN_ABOUT_RETURN_TYPE = YES_ERROR;
				GCC_WARN_UNDECLARED_SELECTOR = YES;
				GCC_WARN_UNINITIALIZED_AUTOS = YES_AGGRESSIVE;
				GCC_WARN_UNUSED_FUNCTION = YES;
				GCC_WARN_UNUSED_VARIABLE = YES;
				IPHONEOS_DEPLOYMENT_TARGET = 15.2;
				MTL_ENABLE_DEBUG_INFO = INCLUDE_SOURCE;
				MTL_FAST_MATH = YES;
				ONLY_ACTIVE_ARCH = YES;
				SDKROOT = iphoneos;
				SWIFT_ACTIVE_COMPILATION_CONDITIONS = DEBUG;
				SWIFT_OPTIMIZATION_LEVEL = "-Onone";
			};
			name = Debug;
		};
		9EE08A5527BDCFBF00B78D80 /* Release */ = {
			isa = XCBuildConfiguration;
			buildSettings = {
				ALWAYS_SEARCH_USER_PATHS = NO;
				CLANG_ANALYZER_NONNULL = YES;
				CLANG_ANALYZER_NUMBER_OBJECT_CONVERSION = YES_AGGRESSIVE;
				CLANG_CXX_LANGUAGE_STANDARD = "gnu++17";
				CLANG_CXX_LIBRARY = "libc++";
				CLANG_ENABLE_MODULES = YES;
				CLANG_ENABLE_OBJC_ARC = YES;
				CLANG_ENABLE_OBJC_WEAK = YES;
				CLANG_WARN_BLOCK_CAPTURE_AUTORELEASING = YES;
				CLANG_WARN_BOOL_CONVERSION = YES;
				CLANG_WARN_COMMA = YES;
				CLANG_WARN_CONSTANT_CONVERSION = YES;
				CLANG_WARN_DEPRECATED_OBJC_IMPLEMENTATIONS = YES;
				CLANG_WARN_DIRECT_OBJC_ISA_USAGE = YES_ERROR;
				CLANG_WARN_DOCUMENTATION_COMMENTS = YES;
				CLANG_WARN_EMPTY_BODY = YES;
				CLANG_WARN_ENUM_CONVERSION = YES;
				CLANG_WARN_INFINITE_RECURSION = YES;
				CLANG_WARN_INT_CONVERSION = YES;
				CLANG_WARN_NON_LITERAL_NULL_CONVERSION = YES;
				CLANG_WARN_OBJC_IMPLICIT_RETAIN_SELF = YES;
				CLANG_WARN_OBJC_LITERAL_CONVERSION = YES;
				CLANG_WARN_OBJC_ROOT_CLASS = YES_ERROR;
				CLANG_WARN_QUOTED_INCLUDE_IN_FRAMEWORK_HEADER = YES;
				CLANG_WARN_RANGE_LOOP_ANALYSIS = YES;
				CLANG_WARN_STRICT_PROTOTYPES = YES;
				CLANG_WARN_SUSPICIOUS_MOVE = YES;
				CLANG_WARN_UNGUARDED_AVAILABILITY = YES_AGGRESSIVE;
				CLANG_WARN_UNREACHABLE_CODE = YES;
				CLANG_WARN__DUPLICATE_METHOD_MATCH = YES;
				COPY_PHASE_STRIP = NO;
				DEBUG_INFORMATION_FORMAT = "dwarf-with-dsym";
				ENABLE_NS_ASSERTIONS = NO;
				ENABLE_STRICT_OBJC_MSGSEND = YES;
				GCC_C_LANGUAGE_STANDARD = gnu11;
				GCC_NO_COMMON_BLOCKS = YES;
				GCC_WARN_64_TO_32_BIT_CONVERSION = YES;
				GCC_WARN_ABOUT_RETURN_TYPE = YES_ERROR;
				GCC_WARN_UNDECLARED_SELECTOR = YES;
				GCC_WARN_UNINITIALIZED_AUTOS = YES_AGGRESSIVE;
				GCC_WARN_UNUSED_FUNCTION = YES;
				GCC_WARN_UNUSED_VARIABLE = YES;
				IPHONEOS_DEPLOYMENT_TARGET = 15.2;
				MTL_ENABLE_DEBUG_INFO = NO;
				MTL_FAST_MATH = YES;
				SDKROOT = iphoneos;
				SWIFT_COMPILATION_MODE = wholemodule;
				SWIFT_OPTIMIZATION_LEVEL = "-O";
				VALIDATE_PRODUCT = YES;
			};
			name = Release;
		};
		9EE08A5727BDCFBF00B78D80 /* Debug */ = {
			isa = XCBuildConfiguration;
			buildSettings = {
				ASSETCATALOG_COMPILER_APPICON_NAME = AppIcon;
				ASSETCATALOG_COMPILER_GLOBAL_ACCENT_COLOR_NAME = AccentColor;
				CODE_SIGN_STYLE = Automatic;
				CURRENT_PROJECT_VERSION = 1;
				DEVELOPMENT_TEAM = 7RYBN35C6R;
				GENERATE_INFOPLIST_FILE = YES;
				INFOPLIST_FILE = RapidReactFRC/Info.plist;
				INFOPLIST_KEY_UIApplicationSupportsIndirectInputEvents = YES;
				INFOPLIST_KEY_UILaunchStoryboardName = LaunchScreen;
				INFOPLIST_KEY_UIMainStoryboardFile = Main;
				INFOPLIST_KEY_UISupportedInterfaceOrientations_iPad = "UIInterfaceOrientationPortrait UIInterfaceOrientationPortraitUpsideDown UIInterfaceOrientationLandscapeLeft UIInterfaceOrientationLandscapeRight";
				INFOPLIST_KEY_UISupportedInterfaceOrientations_iPhone = "UIInterfaceOrientationPortrait UIInterfaceOrientationLandscapeLeft UIInterfaceOrientationLandscapeRight";
				LD_RUNPATH_SEARCH_PATHS = (
					"$(inherited)",
					"@executable_path/Frameworks",
				);
				MARKETING_VERSION = 1.0;
				PRODUCT_BUNDLE_IDENTIFIER = com.aaravwattal.RapidReact.RapidReactFRC;
				PRODUCT_NAME = "$(TARGET_NAME)";
				SWIFT_EMIT_LOC_STRINGS = YES;
				SWIFT_VERSION = 5.0;
				TARGETED_DEVICE_FAMILY = "1,2";
			};
			name = Debug;
		};
		9EE08A5827BDCFBF00B78D80 /* Release */ = {
			isa = XCBuildConfiguration;
			buildSettings = {
				ASSETCATALOG_COMPILER_APPICON_NAME = AppIcon;
				ASSETCATALOG_COMPILER_GLOBAL_ACCENT_COLOR_NAME = AccentColor;
				CODE_SIGN_STYLE = Automatic;
				CURRENT_PROJECT_VERSION = 1;
				DEVELOPMENT_TEAM = 7RYBN35C6R;
				GENERATE_INFOPLIST_FILE = YES;
				INFOPLIST_FILE = RapidReactFRC/Info.plist;
				INFOPLIST_KEY_UIApplicationSupportsIndirectInputEvents = YES;
				INFOPLIST_KEY_UILaunchStoryboardName = LaunchScreen;
				INFOPLIST_KEY_UIMainStoryboardFile = Main;
				INFOPLIST_KEY_UISupportedInterfaceOrientations_iPad = "UIInterfaceOrientationPortrait UIInterfaceOrientationPortraitUpsideDown UIInterfaceOrientationLandscapeLeft UIInterfaceOrientationLandscapeRight";
				INFOPLIST_KEY_UISupportedInterfaceOrientations_iPhone = "UIInterfaceOrientationPortrait UIInterfaceOrientationLandscapeLeft UIInterfaceOrientationLandscapeRight";
				LD_RUNPATH_SEARCH_PATHS = (
					"$(inherited)",
					"@executable_path/Frameworks",
				);
				MARKETING_VERSION = 1.0;
				PRODUCT_BUNDLE_IDENTIFIER = com.aaravwattal.RapidReact.RapidReactFRC;
				PRODUCT_NAME = "$(TARGET_NAME)";
				SWIFT_EMIT_LOC_STRINGS = YES;
				SWIFT_VERSION = 5.0;
				TARGETED_DEVICE_FAMILY = "1,2";
			};
			name = Release;
		};
		9EE08A5A27BDCFBF00B78D80 /* Debug */ = {
			isa = XCBuildConfiguration;
			buildSettings = {
				ALWAYS_EMBED_SWIFT_STANDARD_LIBRARIES = YES;
				BUNDLE_LOADER = "$(TEST_HOST)";
				CODE_SIGN_STYLE = Automatic;
				CURRENT_PROJECT_VERSION = 1;
				DEVELOPMENT_TEAM = 7RYBN35C6R;
				GENERATE_INFOPLIST_FILE = YES;
				IPHONEOS_DEPLOYMENT_TARGET = 15.2;
				MARKETING_VERSION = 1.0;
				PRODUCT_BUNDLE_IDENTIFIER = com.aaravwattal.RapidReact.RapidReactFRCTests;
				PRODUCT_NAME = "$(TARGET_NAME)";
				SWIFT_EMIT_LOC_STRINGS = NO;
				SWIFT_VERSION = 5.0;
				TARGETED_DEVICE_FAMILY = "1,2";
				TEST_HOST = "$(BUILT_PRODUCTS_DIR)/RapidReactFRC.app/RapidReactFRC";
			};
			name = Debug;
		};
		9EE08A5B27BDCFBF00B78D80 /* Release */ = {
			isa = XCBuildConfiguration;
			buildSettings = {
				ALWAYS_EMBED_SWIFT_STANDARD_LIBRARIES = YES;
				BUNDLE_LOADER = "$(TEST_HOST)";
				CODE_SIGN_STYLE = Automatic;
				CURRENT_PROJECT_VERSION = 1;
				DEVELOPMENT_TEAM = 7RYBN35C6R;
				GENERATE_INFOPLIST_FILE = YES;
				IPHONEOS_DEPLOYMENT_TARGET = 15.2;
				MARKETING_VERSION = 1.0;
				PRODUCT_BUNDLE_IDENTIFIER = com.aaravwattal.RapidReact.RapidReactFRCTests;
				PRODUCT_NAME = "$(TARGET_NAME)";
				SWIFT_EMIT_LOC_STRINGS = NO;
				SWIFT_VERSION = 5.0;
				TARGETED_DEVICE_FAMILY = "1,2";
				TEST_HOST = "$(BUILT_PRODUCTS_DIR)/RapidReactFRC.app/RapidReactFRC";
			};
			name = Release;
		};
		9EE08A5D27BDCFBF00B78D80 /* Debug */ = {
			isa = XCBuildConfiguration;
			buildSettings = {
				ALWAYS_EMBED_SWIFT_STANDARD_LIBRARIES = YES;
				CODE_SIGN_STYLE = Automatic;
				CURRENT_PROJECT_VERSION = 1;
				DEVELOPMENT_TEAM = 7RYBN35C6R;
				GENERATE_INFOPLIST_FILE = YES;
				MARKETING_VERSION = 1.0;
				PRODUCT_BUNDLE_IDENTIFIER = com.aaravwattal.RapidReact.RapidReactFRCUITests;
				PRODUCT_NAME = "$(TARGET_NAME)";
				SWIFT_EMIT_LOC_STRINGS = NO;
				SWIFT_VERSION = 5.0;
				TARGETED_DEVICE_FAMILY = "1,2";
				TEST_TARGET_NAME = RapidReactFRC;
			};
			name = Debug;
		};
		9EE08A5E27BDCFBF00B78D80 /* Release */ = {
			isa = XCBuildConfiguration;
			buildSettings = {
				ALWAYS_EMBED_SWIFT_STANDARD_LIBRARIES = YES;
				CODE_SIGN_STYLE = Automatic;
				CURRENT_PROJECT_VERSION = 1;
				DEVELOPMENT_TEAM = 7RYBN35C6R;
				GENERATE_INFOPLIST_FILE = YES;
				MARKETING_VERSION = 1.0;
				PRODUCT_BUNDLE_IDENTIFIER = com.aaravwattal.RapidReact.RapidReactFRCUITests;
				PRODUCT_NAME = "$(TARGET_NAME)";
				SWIFT_EMIT_LOC_STRINGS = NO;
				SWIFT_VERSION = 5.0;
				TARGETED_DEVICE_FAMILY = "1,2";
				TEST_TARGET_NAME = RapidReactFRC;
			};
			name = Release;
		};
/* End XCBuildConfiguration section */

/* Begin XCConfigurationList section */
		9EE08A2727BDCFBD00B78D80 /* Build configuration list for PBXProject "RapidReactFRC" */ = {
			isa = XCConfigurationList;
			buildConfigurations = (
				9EE08A5427BDCFBF00B78D80 /* Debug */,
				9EE08A5527BDCFBF00B78D80 /* Release */,
			);
			defaultConfigurationIsVisible = 0;
			defaultConfigurationName = Release;
		};
		9EE08A5627BDCFBF00B78D80 /* Build configuration list for PBXNativeTarget "RapidReactFRC" */ = {
			isa = XCConfigurationList;
			buildConfigurations = (
				9EE08A5727BDCFBF00B78D80 /* Debug */,
				9EE08A5827BDCFBF00B78D80 /* Release */,
			);
			defaultConfigurationIsVisible = 0;
			defaultConfigurationName = Release;
		};
		9EE08A5927BDCFBF00B78D80 /* Build configuration list for PBXNativeTarget "RapidReactFRCTests" */ = {
			isa = XCConfigurationList;
			buildConfigurations = (
				9EE08A5A27BDCFBF00B78D80 /* Debug */,
				9EE08A5B27BDCFBF00B78D80 /* Release */,
			);
			defaultConfigurationIsVisible = 0;
			defaultConfigurationName = Release;
		};
		9EE08A5C27BDCFBF00B78D80 /* Build configuration list for PBXNativeTarget "RapidReactFRCUITests" */ = {
			isa = XCConfigurationList;
			buildConfigurations = (
				9EE08A5D27BDCFBF00B78D80 /* Debug */,
				9EE08A5E27BDCFBF00B78D80 /* Release */,
			);
			defaultConfigurationIsVisible = 0;
			defaultConfigurationName = Release;
		};
/* End XCConfigurationList section */
	};
	rootObject = 9EE08A2427BDCFBD00B78D80 /* Project object */;
}
